
Microsoft Visual Studio Solution File, Format Version 12.00
# Visual Studio Version 17
VisualStudioVersion = 17.0.31611.283
MinimumVisualStudioVersion = 10.0.40219.1
Project("{9A19103F-16F7-4668-BE54-9A1E7A4F7556}") = "RustMyAdmin", "RustMyAdmin\RustMyAdmin.csproj", "{29BEF219-8E37-4303-850C-D473F149633D}"
EndProject
Project("{FAE04EC0-301F-11D3-BF4B-00C04F79EFBC}") = "RustMyAdmin.Backend", "RustMyAdmin.Backend\RustMyAdmin.Backend.csproj", "{96DDCD7A-61C3-452B-822B-B340E400211F}"
EndProject
Project("{FAE04EC0-301F-11D3-BF4B-00C04F79EFBC}") = "RustMyAdmin.Backend.Tests", "RustMyAdmin.Backend.Tests\RustMyAdmin.Backend.Tests.csproj", "{050594DD-D492-4680-A7A3-6D11EFABB8A7}"
EndProject
Project("{2150E333-8FDC-42A3-9474-1A3956D46DE8}") = "Solution Items", "Solution Items", "{74296D1E-79FA-4FD1-B9BC-0C9923633EF6}"
	ProjectSection(SolutionItems) = preProject
		.editorconfig = .editorconfig
	EndProjectSection
EndProject
Global
	GlobalSection(SolutionConfigurationPlatforms) = preSolution
		Debug|Any CPU = Debug|Any CPU
		Release|Any CPU = Release|Any CPU
	EndGlobalSection
	GlobalSection(ProjectConfigurationPlatforms) = postSolution
		{29BEF219-8E37-4303-850C-D473F149633D}.Debug|Any CPU.ActiveCfg = Debug|Any CPU
		{29BEF219-8E37-4303-850C-D473F149633D}.Debug|Any CPU.Build.0 = Debug|Any CPU
		{29BEF219-8E37-4303-850C-D473F149633D}.Debug|Any CPU.Deploy.0 = Debug|Any CPU
		{29BEF219-8E37-4303-850C-D473F149633D}.Release|Any CPU.ActiveCfg = Release|Any CPU
		{29BEF219-8E37-4303-850C-D473F149633D}.Release|Any CPU.Build.0 = Release|Any CPU
		{29BEF219-8E37-4303-850C-D473F149633D}.Release|Any CPU.Deploy.0 = Release|Any CPU
		{96DDCD7A-61C3-452B-822B-B340E400211F}.Debug|Any CPU.ActiveCfg = Debug|Any CPU
		{96DDCD7A-61C3-452B-822B-B340E400211F}.Debug|Any CPU.Build.0 = Debug|Any CPU
		{96DDCD7A-61C3-452B-822B-B340E400211F}.Release|Any CPU.ActiveCfg = Release|Any CPU
		{96DDCD7A-61C3-452B-822B-B340E400211F}.Release|Any CPU.Build.0 = Release|Any CPU
		{050594DD-D492-4680-A7A3-6D11EFABB8A7}.Debug|Any CPU.ActiveCfg = Debug|Any CPU
		{050594DD-D492-4680-A7A3-6D11EFABB8A7}.Debug|Any CPU.Build.0 = Debug|Any CPU
		{050594DD-D492-4680-A7A3-6D11EFABB8A7}.Release|Any CPU.ActiveCfg = Release|Any CPU
		{050594DD-D492-4680-A7A3-6D11EFABB8A7}.Release|Any CPU.Build.0 = Release|Any CPU
	EndGlobalSection
	GlobalSection(SolutionProperties) = preSolution
		HideSolutionNode = FALSE
	EndGlobalSection
	GlobalSection(ExtensibilityGlobals) = postSolution
		SolutionGuid = {61F7FB11-1E47-470C-91E2-47F8143E1572}
	EndGlobalSection
	GlobalSection(MonoDevelopProperties) = preSolution
		Policies = $0
		$0.DotNetNamingPolicy = $1
		$1.DirectoryNamespaceAssociation = PrefixedHierarchical
		$0.TextStylePolicy = $4
		$0.TextStylePolicy = $5
		$5.FileWidth = 80
		$5.TabsToSpaces = True
		$5.scope = text/x-csharp
		$0.CSharpFormattingPolicy = $6
		$6.NewLinesForBracesInTypes = False
		$6.NewLinesForBracesInMethods = False
		$6.NewLinesForBracesInProperties = False
		$6.NewLinesForBracesInAccessors = False
		$6.NewLinesForBracesInAnonymousMethods = False
		$6.NewLinesForBracesInControlBlocks = False
		$6.NewLinesForBracesInAnonymousTypes = False
		$6.NewLinesForBracesInObjectCollectionArrayInitializers = False
		$6.NewLinesForBracesInLambdaExpressionBody = False
		$6.NewLineForElse = False
		$6.NewLineForCatch = False
		$6.NewLineForFinally = False
		$6.scope = text/x-csharp
		$0.StandardHeader = $7
	EndGlobalSection
EndGlobal
